
Microsoft Visual Studio Solution File, Format Version 12.00
# Visual Studio Version 17
VisualStudioVersion = 17.10.35122.118
MinimumVisualStudioVersion = 10.0.40219.1
Project("{9A19103F-16F7-4668-BE54-9A1E7A4F7556}") = "LPCcoder", "LPCcoder\LPCcoder.csproj", "{CAB10160-3D34-4860-9BD1-CB85AA75B6E2}"
EndProject
Global
	GlobalSection(SolutionConfigurationPlatforms) = preSolution
		Debug|Any CPU = Debug|Any CPU
		Release|Any CPU = Release|Any CPU
	EndGlobalSection
	GlobalSection(ProjectConfigurationPlatforms) = postSolution
		{CAB10160-3D34-4860-9BD1-CB85AA75B6E2}.Debug|Any CPU.ActiveCfg = Debug|Any CPU
		{CAB10160-3D34-4860-9BD1-CB85AA75B6E2}.Debug|Any CPU.Build.0 = Debug|Any CPU
		{CAB10160-3D34-4860-9BD1-CB85AA75B6E2}.Release|Any CPU.ActiveCfg = Release|Any CPU
		{CAB10160-3D34-4860-9BD1-CB85AA75B6E2}.Release|Any CPU.Build.0 = Release|Any CPU
	EndGlobalSection
	GlobalSection(SolutionProperties) = preSolution
		HideSolutionNode = FALSE
	EndGlobalSection
	GlobalSection(ExtensibilityGlobals) = postSolution
		SolutionGuid = {1C237071-4703-43AC-8652-4C8186A208AB}
	EndGlobalSection
EndGlobal
